{
  "lockfile_version": "1",
  "packages": {
    "coreutils-full@latest": {
      "last_modified": "2024-09-10T15:01:03Z",
      "resolved": "github:NixOS/nixpkgs/5ed627539ac84809c78b2dd6d26a5cebeb5ae269#coreutils-full",
      "source": "devbox-search",
      "version": "9.5",
      "systems": {
        "aarch64-darwin": {
          "outputs": [
            {
              "name": "out",
              "path": "/nix/store/fvc392q87r0qbvvsxcyixcqv1h64hm2m-coreutils-full-9.5",
              "default": true
            },
            {
              "name": "info",
              "path": "/nix/store/ya5a2d3jsbv0lby0ps9j6fx30akzbvbk-coreutils-full-9.5-info"
            }
          ],
          "store_path": "/nix/store/fvc392q87r0qbvvsxcyixcqv1h64hm2m-coreutils-full-9.5"
        },
        "aarch64-linux": {
          "outputs": [
            {
              "name": "out",
              "path": "/nix/store/vy8awgzlk242b1m1s6rbn7g350l5vvmv-coreutils-full-9.5",
              "default": true
            },
            {
              "name": "debug",
              "path": "/nix/store/im4if41pdgb6b1kz1pafrq2g19icf1fs-coreutils-full-9.5-debug"
            },
            {
              "name": "info",
              "path": "/nix/store/3i90lx5yy5hqm8ysdyf4dr934mm1lsgv-coreutils-full-9.5-info"
            }
          ],
          "store_path": "/nix/store/vy8awgzlk242b1m1s6rbn7g350l5vvmv-coreutils-full-9.5"
        },
        "x86_64-darwin": {
          "outputs": [
            {
              "name": "out",
              "path": "/nix/store/j88kinyhwal1vr72h2qn7yzryxp662jc-coreutils-full-9.5",
              "default": true
            },
            {
              "name": "info",
              "path": "/nix/store/8clazbmr3rlbr89ciqnhs952k1594ghy-coreutils-full-9.5-info"
            }
          ],
          "store_path": "/nix/store/j88kinyhwal1vr72h2qn7yzryxp662jc-coreutils-full-9.5"
        },
        "x86_64-linux": {
          "outputs": [
            {
              "name": "out",
              "path": "/nix/store/3rkmqbpa9x1cq16i7yz1rjl02z6i6p61-coreutils-full-9.5",
              "default": true
            },
            {
              "name": "debug",
              "path": "/nix/store/zry2ihcidxs4fs4ysqw6w987kf92zg7l-coreutils-full-9.5-debug"
            },
            {
              "name": "info",
              "path": "/nix/store/ccjz14za4f0rglcm6kkjlbm2zicircr8-coreutils-full-9.5-info"
            }
          ],
          "store_path": "/nix/store/3rkmqbpa9x1cq16i7yz1rjl02z6i6p61-coreutils-full-9.5"
        }
      }
    },
    "direnv@latest": {
      "last_modified": "2024-09-10T15:01:03Z",
      "resolved": "github:NixOS/nixpkgs/5ed627539ac84809c78b2dd6d26a5cebeb5ae269#direnv",
      "source": "devbox-search",
      "version": "2.34.0",
      "systems": {
        "aarch64-darwin": {
          "outputs": [
            {
              "name": "out",
              "path": "/nix/store/86zx2b7bd57p8wjaw4vz313vfyx8883q-direnv-2.34.0",
              "default": true
            }
          ],
          "store_path": "/nix/store/86zx2b7bd57p8wjaw4vz313vfyx8883q-direnv-2.34.0"
        },
        "aarch64-linux": {
          "outputs": [
            {
              "name": "out",
              "path": "/nix/store/3rh237ir32dib3dbf4nvfyps1i8x4khn-direnv-2.34.0",
              "default": true
            }
          ],
          "store_path": "/nix/store/3rh237ir32dib3dbf4nvfyps1i8x4khn-direnv-2.34.0"
        },
        "x86_64-darwin": {
          "outputs": [
            {
              "name": "out",
              "path": "/nix/store/nbiq14rih1mzl4lgahvbszqk0jdhj4zf-direnv-2.34.0",
              "default": true
            }
          ],
          "store_path": "/nix/store/nbiq14rih1mzl4lgahvbszqk0jdhj4zf-direnv-2.34.0"
        },
        "x86_64-linux": {
          "outputs": [
            {
              "name": "out",
              "path": "/nix/store/823qi3acdfxnvn0ylygjg6jabx7b4q31-direnv-2.34.0",
              "default": true
            }
          ],
          "store_path": "/nix/store/823qi3acdfxnvn0ylygjg6jabx7b4q31-direnv-2.34.0"
        }
      }
    },
    "gnumake@latest": {
      "last_modified": "2024-09-10T15:01:03Z",
      "resolved": "github:NixOS/nixpkgs/5ed627539ac84809c78b2dd6d26a5cebeb5ae269#gnumake",
      "source": "devbox-search",
      "version": "4.4.1",
      "systems": {
        "aarch64-darwin": {
          "outputs": [
            {
              "name": "out",
              "path": "/nix/store/6mcdimq65bpmk4ccsbwk8zqqv0w57xki-gnumake-4.4.1",
              "default": true
            },
            {
              "name": "man",
              "path": "/nix/store/slxjfzk0mi14ffhiry1kx635yi3hrdsg-gnumake-4.4.1-man",
              "default": true
            },
            {
              "name": "info",
              "path": "/nix/store/j755wklynl70bsffsmc72rqm0fg4y4dh-gnumake-4.4.1-info"
            }
          ],
          "store_path": "/nix/store/6mcdimq65bpmk4ccsbwk8zqqv0w57xki-gnumake-4.4.1"
        },
        "aarch64-linux": {
          "outputs": [
            {
              "name": "out",
              "path": "/nix/store/b9hsc0cxnjpgr0ni8zjfa8yfx9k9icyf-gnumake-4.4.1",
              "default": true
            },
            {
              "name": "man",
              "path": "/nix/store/yy4yzw27p2iw8vqhhqjw5dg2whl95dx0-gnumake-4.4.1-man",
              "default": true
            },
            {
              "name": "debug",
              "path": "/nix/store/srjsvl0v6q5rr29ihsm8qad1mjdh5qv4-gnumake-4.4.1-debug"
            },
            {
              "name": "info",
              "path": "/nix/store/qzd3k2d7f2gwz8cmvz3ddmxsvh6ax65b-gnumake-4.4.1-info"
            }
          ],
          "store_path": "/nix/store/b9hsc0cxnjpgr0ni8zjfa8yfx9k9icyf-gnumake-4.4.1"
        },
        "x86_64-darwin": {
          "outputs": [
            {
              "name": "out",
              "path": "/nix/store/jzc62mfpsqx2k1ncmqs5awd7c1511hf3-gnumake-4.4.1",
              "default": true
            },
            {
              "name": "man",
              "path": "/nix/store/g3pmxslr6wpyw5pzarjc5rz8imh0wkx0-gnumake-4.4.1-man",
              "default": true
            },
            {
              "name": "info",
              "path": "/nix/store/5c2p60izk67sjlf86c1sp7pzpjh3qw8i-gnumake-4.4.1-info"
            }
          ],
          "store_path": "/nix/store/jzc62mfpsqx2k1ncmqs5awd7c1511hf3-gnumake-4.4.1"
        },
        "x86_64-linux": {
          "outputs": [
            {
              "name": "out",
              "path": "/nix/store/09vbil20hj3gn9lb3djvbglyki9jr3i6-gnumake-4.4.1",
              "default": true
            },
            {
              "name": "man",
              "path": "/nix/store/swbhqvfjkrk0xqqnbhax93psq8n1gynr-gnumake-4.4.1-man",
              "default": true
            },
            {
              "name": "debug",
              "path": "/nix/store/idisl8srk1khjm4jhmikqwiacy5gzb2p-gnumake-4.4.1-debug"
            },
            {
              "name": "info",
              "path": "/nix/store/y1fmi86h3mr58s3yxjm65c3nnf5l5p9r-gnumake-4.4.1-info"
            }
          ],
          "store_path": "/nix/store/09vbil20hj3gn9lb3djvbglyki9jr3i6-gnumake-4.4.1"
        }
      }
    },
    "go-task@latest": {
      "last_modified": "2024-09-10T15:01:03Z",
      "resolved": "github:NixOS/nixpkgs/5ed627539ac84809c78b2dd6d26a5cebeb5ae269#go-task",
      "source": "devbox-search",
      "version": "3.38.0",
      "systems": {
        "aarch64-darwin": {
          "outputs": [
            {
              "name": "out",
              "path": "/nix/store/6fnjga1f6y9yw0xfa7bqq48mk4wnwj60-go-task-3.38.0",
              "default": true
            }
          ],
          "store_path": "/nix/store/6fnjga1f6y9yw0xfa7bqq48mk4wnwj60-go-task-3.38.0"
        },
        "aarch64-linux": {
          "outputs": [
            {
              "name": "out",
              "path": "/nix/store/y00rivpjziw0zpzacdxjmrs5i28d7grf-go-task-3.38.0",
              "default": true
            }
          ],
          "store_path": "/nix/store/y00rivpjziw0zpzacdxjmrs5i28d7grf-go-task-3.38.0"
        },
        "x86_64-darwin": {
          "outputs": [
            {
              "name": "out",
              "path": "/nix/store/kc0zm9kgsraznqyns5jqv0dixfgk6fm7-go-task-3.38.0",
              "default": true
            }
          ],
          "store_path": "/nix/store/kc0zm9kgsraznqyns5jqv0dixfgk6fm7-go-task-3.38.0"
        },
        "x86_64-linux": {
          "outputs": [
            {
              "name": "out",
              "path": "/nix/store/6fya93gcf8sla6npxp99rnbvyj6pmnr5-go-task-3.38.0",
              "default": true
            }
          ],
          "store_path": "/nix/store/6fya93gcf8sla6npxp99rnbvyj6pmnr5-go-task-3.38.0"
        }
      }
    },
    "go@1": {
      "last_modified": "2024-09-10T15:01:03Z",
      "resolved": "github:NixOS/nixpkgs/5ed627539ac84809c78b2dd6d26a5cebeb5ae269#go_1_23",
      "source": "devbox-search",
      "version": "1.23.1",
      "systems": {
        "aarch64-darwin": {
          "outputs": [
            {
              "name": "out",
              "path": "/nix/store/nvaay1c4banbccyvv6ba1gzyqpypjmfq-go-1.23.1",
              "default": true
            }
          ],
          "store_path": "/nix/store/nvaay1c4banbccyvv6ba1gzyqpypjmfq-go-1.23.1"
        },
        "aarch64-linux": {
          "outputs": [
            {
              "name": "out",
              "path": "/nix/store/9ylsay11jb3p6yarkmlz0fin76cdypwa-go-1.23.1",
              "default": true
            }
          ],
          "store_path": "/nix/store/9ylsay11jb3p6yarkmlz0fin76cdypwa-go-1.23.1"
        },
        "x86_64-darwin": {
          "outputs": [
            {
              "name": "out",
              "path": "/nix/store/zkg5xhyx2rs03dq0qp14nqlx9ff1y5c5-go-1.23.1",
              "default": true
            }
          ],
          "store_path": "/nix/store/zkg5xhyx2rs03dq0qp14nqlx9ff1y5c5-go-1.23.1"
        },
        "x86_64-linux": {
          "outputs": [
            {
              "name": "out",
              "path": "/nix/store/mi0ybwsm6pmxzv9hsm6bcbqaq1pkf8wh-go-1.23.1",
              "default": true
            }
          ],
          "store_path": "/nix/store/mi0ybwsm6pmxzv9hsm6bcbqaq1pkf8wh-go-1.23.1"
        }
      }
    },
    "gofumpt@latest": {
      "last_modified": "2024-09-10T15:01:03Z",
      "resolved": "github:NixOS/nixpkgs/5ed627539ac84809c78b2dd6d26a5cebeb5ae269#gofumpt",
      "source": "devbox-search",
      "version": "0.7.0",
      "systems": {
        "aarch64-darwin": {
          "outputs": [
            {
              "name": "out",
              "path": "/nix/store/whr9iqhcmm4k96zqm0n6xjnnrvmc0y96-gofumpt-0.7.0",
              "default": true
            }
          ],
          "store_path": "/nix/store/whr9iqhcmm4k96zqm0n6xjnnrvmc0y96-gofumpt-0.7.0"
        },
        "aarch64-linux": {
          "outputs": [
            {
              "name": "out",
              "path": "/nix/store/bhif5laj89grkmxw14h87w0gx4jrgyqq-gofumpt-0.7.0",
              "default": true
            }
          ],
          "store_path": "/nix/store/bhif5laj89grkmxw14h87w0gx4jrgyqq-gofumpt-0.7.0"
        },
        "x86_64-darwin": {
          "outputs": [
            {
              "name": "out",
              "path": "/nix/store/476qilyjbv63r97zkqfy95g66hkkdjr3-gofumpt-0.7.0",
              "default": true
            }
          ],
          "store_path": "/nix/store/476qilyjbv63r97zkqfy95g66hkkdjr3-gofumpt-0.7.0"
        },
        "x86_64-linux": {
          "outputs": [
            {
              "name": "out",
              "path": "/nix/store/qi57rmvdiad8laqcn4wpciinh9kldk10-gofumpt-0.7.0",
              "default": true
            }
          ],
          "store_path": "/nix/store/qi57rmvdiad8laqcn4wpciinh9kldk10-gofumpt-0.7.0"
        }
      }
    },
    "sqlc@latest": {
      "last_modified": "2024-09-10T15:01:03Z",
      "resolved": "github:NixOS/nixpkgs/5ed627539ac84809c78b2dd6d26a5cebeb5ae269#sqlc",
      "source": "devbox-search",
      "version": "1.27.0",
      "systems": {
        "aarch64-darwin": {
          "outputs": [
            {
              "name": "out",
              "path": "/nix/store/h4r78fip8gpa04kyf2dxcky71k9qbmix-sqlc-1.27.0",
              "default": true
            }
          ],
          "store_path": "/nix/store/h4r78fip8gpa04kyf2dxcky71k9qbmix-sqlc-1.27.0"
        },
        "aarch64-linux": {
          "outputs": [
            {
              "name": "out",
              "path": "/nix/store/hdihdxgwa6apjm9p1li6ks78r7j483yq-sqlc-1.27.0",
              "default": true
            }
          ],
          "store_path": "/nix/store/hdihdxgwa6apjm9p1li6ks78r7j483yq-sqlc-1.27.0"
        },
        "x86_64-darwin": {
          "outputs": [
            {
              "name": "out",
              "path": "/nix/store/2cyw7j2bslcllc6xpmiygid935mx2mfl-sqlc-1.27.0",
              "default": true
            }
          ],
          "store_path": "/nix/store/2cyw7j2bslcllc6xpmiygid935mx2mfl-sqlc-1.27.0"
        },
        "x86_64-linux": {
          "outputs": [
            {
              "name": "out",
              "path": "/nix/store/pph12znxya2nh4kxv2hj5asxdjh5lzvb-sqlc-1.27.0",
              "default": true
            }
          ],
          "store_path": "/nix/store/pph12znxya2nh4kxv2hj5asxdjh5lzvb-sqlc-1.27.0"
        }
      }
    },
    "temporal-cli@1": {
      "last_modified": "2024-09-10T15:01:03Z",
      "resolved": "github:NixOS/nixpkgs/5ed627539ac84809c78b2dd6d26a5cebeb5ae269#temporal-cli",
      "source": "devbox-search",
      "version": "1.18.1",
      "systems": {
        "aarch64-darwin": {
          "outputs": [
            {
              "name": "out",
              "path": "/nix/store/8vf2s0lyrhpxz1wcl4i7fpnc92vwvd6v-temporal-cli-1.18.1",
              "default": true
            }
          ],
          "store_path": "/nix/store/8vf2s0lyrhpxz1wcl4i7fpnc92vwvd6v-temporal-cli-1.18.1"
        },
        "aarch64-linux": {
          "outputs": [
            {
              "name": "out",
              "path": "/nix/store/knk7nly77naaqin134bll8j14nsf6r10-temporal-cli-1.18.1",
              "default": true
            }
          ],
          "store_path": "/nix/store/knk7nly77naaqin134bll8j14nsf6r10-temporal-cli-1.18.1"
        },
        "x86_64-darwin": {
          "outputs": [
            {
              "name": "out",
              "path": "/nix/store/xmj9x4pgpznnz6z96g2zdnwy6g6ywqdb-temporal-cli-1.18.1",
              "default": true
            }
          ],
          "store_path": "/nix/store/xmj9x4pgpznnz6z96g2zdnwy6g6ywqdb-temporal-cli-1.18.1"
        },
        "x86_64-linux": {
          "outputs": [
            {
              "name": "out",
              "path": "/nix/store/7hydlyaqkqifk4bmmi6wgc1qpzzbna2d-temporal-cli-1.18.1",
              "default": true
            }
          ],
          "store_path": "/nix/store/7hydlyaqkqifk4bmmi6wgc1qpzzbna2d-temporal-cli-1.18.1"
        }
      }
    },
    "temporal@1": {
      "last_modified": "2024-09-27T09:34:34Z",
      "resolved": "github:NixOS/nixpkgs/e0f477a570df7375172a08ddb9199c90853c63f0#temporal",
      "source": "devbox-search",
      "version": "1.25.0",
      "systems": {
        "aarch64-darwin": {
          "outputs": [
            {
              "name": "out",
              "path": "/nix/store/9ck69jggfkimllndx9dajm7vcvflb2wy-temporal-1.25.0",
              "default": true
            }
          ],
          "store_path": "/nix/store/9ck69jggfkimllndx9dajm7vcvflb2wy-temporal-1.25.0"
        },
        "aarch64-linux": {
          "outputs": [
            {
              "name": "out",
              "path": "/nix/store/d56b9ljgcdvjsp3wp75271p3dlqiw4jc-temporal-1.25.0",
              "default": true
            }
          ],
          "store_path": "/nix/store/d56b9ljgcdvjsp3wp75271p3dlqiw4jc-temporal-1.25.0"
        },
        "x86_64-darwin": {
          "outputs": [
            {
              "name": "out",
              "path": "/nix/store/9rv1bk5krk8acl5l4kn8k42q6z2jclxh-temporal-1.25.0",
              "default": true
            }
          ],
          "store_path": "/nix/store/9rv1bk5krk8acl5l4kn8k42q6z2jclxh-temporal-1.25.0"
        },
        "x86_64-linux": {
          "outputs": [
            {
              "name": "out",
              "path": "/nix/store/d3cwdpjpnv84qqzgn8l2jmlaayf4ydbj-temporal-1.25.0",
              "default": true
            }
          ],
          "store_path": "/nix/store/d3cwdpjpnv84qqzgn8l2jmlaayf4ydbj-temporal-1.25.0"
        }
      }
    }
  }
}
